Microsoft Visual Studio Solution File, Format Version 12.00
# Visual Studio 14
VisualStudioVersion = 14.0.25420.1
MinimumVisualStudioVersion = 10.0.40219.1
Project("{FAE04EC0-301F-11D3-BF4B-00C04F79EFBC}") = "IBI.<%= Name %>.Service", "IBI.<%= Name %>.Service\IBI.<%= Name %>.Service.csproj", "{337B01C6-21AC-4C32-ADA3-B47F109F4586}"
EndProject
Global
	GlobalSection(SolutionConfigurationPlatforms) = preSolution
		Debug|Any CPU = Debug|Any CPU
		Prod|Any CPU = Prod|Any CPU
		Staging|Any CPU = Staging|Any CPU
		Test|Any CPU = Test|Any CPU
	EndGlobalSection
	GlobalSection(ProjectConfigurationPlatforms) = postSolution
		{337B01C6-21AC-4C32-ADA3-B47F109F4586}.Debug|Any CPU.ActiveCfg = Debug|Any CPU
		{337B01C6-21AC-4C32-ADA3-B47F109F4586}.Debug|Any CPU.Build.0 = Debug|Any CPU
		{337B01C6-21AC-4C32-ADA3-B47F109F4586}.Prod|Any CPU.ActiveCfg = Prod|Any CPU
		{337B01C6-21AC-4C32-ADA3-B47F109F4586}.Prod|Any CPU.Build.0 = Prod|Any CPU
		{337B01C6-21AC-4C32-ADA3-B47F109F4586}.Staging|Any CPU.ActiveCfg = Staging|Any CPU
		{337B01C6-21AC-4C32-ADA3-B47F109F4586}.Staging|Any CPU.Build.0 = Staging|Any CPU
		{337B01C6-21AC-4C32-ADA3-B47F109F4586}.Test|Any CPU.ActiveCfg = Test|Any CPU
		{337B01C6-21AC-4C32-ADA3-B47F109F4586}.Test|Any CPU.Build.0 = Test|Any CPU
	EndGlobalSection
	GlobalSection(SolutionProperties) = preSolution
		HideSolutionNode = FALSE
	EndGlobalSection

EndGlobal
